
Microsoft Visual Studio Solution File, Format Version 12.00
# Visual Studio Version 16
VisualStudioVersion = 16.0.30804.86
MinimumVisualStudioVersion = 10.0.40219.1
Project("{FAE04EC0-301F-11D3-BF4B-00C04F79EFBC}") = "Prodigy.Web", "Prodigy.Web\Prodigy.Web.csproj", "{C3797409-695B-4D21-BCA9-BA4BACE768E4}"
EndProject
Project("{FAE04EC0-301F-11D3-BF4B-00C04F79EFBC}") = "Prodigy.Modelo", "Prodigy.Modelo\Prodigy.Modelo.csproj", "{2619C688-7D90-4770-9ACE-C805C57E9C77}"
EndProject
Project("{FAE04EC0-301F-11D3-BF4B-00C04F79EFBC}") = "Prodigy.Logica", "Prodigy.Logica\Prodigy.Logica.csproj", "{E5762ABE-D1ED-4AF3-A999-0A4BC019D7F2}"
EndProject
Project("{FAE04EC0-301F-11D3-BF4B-00C04F79EFBC}") = "Prodigy.Persistencia", "Prodigy.Persistencia\Prodigy.Persistencia.csproj", "{42C44B99-3FC7-4E23-8632-94E694650510}"
EndProject
Project("{FAE04EC0-301F-11D3-BF4B-00C04F79EFBC}") = "Prodigy.Servicios", "Prodigy.Servicios\Prodigy.Servicios.csproj", "{0E473ABE-2CCC-4B73-A10F-5E12CE0C6A0F}"
EndProject
Project("{FAE04EC0-301F-11D3-BF4B-00C04F79EFBC}") = "Prodigy.Utils", "Prodigy.Utils\Prodigy.Utils.csproj", "{5461D89D-2DF4-44D7-BB96-EA583F1D5CB0}"
EndProject
Global
	GlobalSection(SolutionConfigurationPlatforms) = preSolution
		Debug|Any CPU = Debug|Any CPU
		Release|Any CPU = Release|Any CPU
	EndGlobalSection
	GlobalSection(ProjectConfigurationPlatforms) = postSolution
		{C3797409-695B-4D21-BCA9-BA4BACE768E4}.Debug|Any CPU.ActiveCfg = Debug|Any CPU
		{C3797409-695B-4D21-BCA9-BA4BACE768E4}.Debug|Any CPU.Build.0 = Debug|Any CPU
		{C3797409-695B-4D21-BCA9-BA4BACE768E4}.Release|Any CPU.ActiveCfg = Release|Any CPU
		{C3797409-695B-4D21-BCA9-BA4BACE768E4}.Release|Any CPU.Build.0 = Release|Any CPU
		{2619C688-7D90-4770-9ACE-C805C57E9C77}.Debug|Any CPU.ActiveCfg = Debug|Any CPU
		{2619C688-7D90-4770-9ACE-C805C57E9C77}.Debug|Any CPU.Build.0 = Debug|Any CPU
		{2619C688-7D90-4770-9ACE-C805C57E9C77}.Release|Any CPU.ActiveCfg = Release|Any CPU
		{2619C688-7D90-4770-9ACE-C805C57E9C77}.Release|Any CPU.Build.0 = Release|Any CPU
		{E5762ABE-D1ED-4AF3-A999-0A4BC019D7F2}.Debug|Any CPU.ActiveCfg = Debug|Any CPU
		{E5762ABE-D1ED-4AF3-A999-0A4BC019D7F2}.Debug|Any CPU.Build.0 = Debug|Any CPU
		{E5762ABE-D1ED-4AF3-A999-0A4BC019D7F2}.Release|Any CPU.ActiveCfg = Release|Any CPU
		{E5762ABE-D1ED-4AF3-A999-0A4BC019D7F2}.Release|Any CPU.Build.0 = Release|Any CPU
		{42C44B99-3FC7-4E23-8632-94E694650510}.Debug|Any CPU.ActiveCfg = Debug|Any CPU
		{42C44B99-3FC7-4E23-8632-94E694650510}.Debug|Any CPU.Build.0 = Debug|Any CPU
		{42C44B99-3FC7-4E23-8632-94E694650510}.Release|Any CPU.ActiveCfg = Release|Any CPU
		{42C44B99-3FC7-4E23-8632-94E694650510}.Release|Any CPU.Build.0 = Release|Any CPU
		{0E473ABE-2CCC-4B73-A10F-5E12CE0C6A0F}.Debug|Any CPU.ActiveCfg = Debug|Any CPU
		{0E473ABE-2CCC-4B73-A10F-5E12CE0C6A0F}.Debug|Any CPU.Build.0 = Debug|Any CPU
		{0E473ABE-2CCC-4B73-A10F-5E12CE0C6A0F}.Release|Any CPU.ActiveCfg = Release|Any CPU
		{0E473ABE-2CCC-4B73-A10F-5E12CE0C6A0F}.Release|Any CPU.Build.0 = Release|Any CPU
		{5461D89D-2DF4-44D7-BB96-EA583F1D5CB0}.Debug|Any CPU.ActiveCfg = Debug|Any CPU
		{5461D89D-2DF4-44D7-BB96-EA583F1D5CB0}.Debug|Any CPU.Build.0 = Debug|Any CPU
		{5461D89D-2DF4-44D7-BB96-EA583F1D5CB0}.Release|Any CPU.ActiveCfg = Release|Any CPU
		{5461D89D-2DF4-44D7-BB96-EA583F1D5CB0}.Release|Any CPU.Build.0 = Release|Any CPU
	EndGlobalSection
	GlobalSection(SolutionProperties) = preSolution
		HideSolutionNode = FALSE
	EndGlobalSection
	GlobalSection(ExtensibilityGlobals) = postSolution
		SolutionGuid = {F9C71504-DE79-4AB8-846F-3273D0058E3F}
	EndGlobalSection
EndGlobal
